// !$*UTF8*$!
{
	archiveVersion = 1;
	classes = {
	};
	objectVersion = 55;
	objects = {

/* Begin PBXBuildFile section */
		C20EEA14290BEB08000CC227 /* ActivitiesViewController.swift in Sources */ = {isa = PBXBuildFile; fileRef = C20EEA13290BEB08000CC227 /* ActivitiesViewController.swift */; };
		C20EEA16290BEB2E000CC227 /* ActivitiesViewController.storyboard in Resources */ = {isa = PBXBuildFile; fileRef = C20EEA15290BEB2E000CC227 /* ActivitiesViewController.storyboard */; };
		C234CE992913F9DC00E5A628 /* DayModel.swift in Sources */ = {isa = PBXBuildFile; fileRef = C234CE982913F9DC00E5A628 /* DayModel.swift */; };
		C234CE9B2913FA0000E5A628 /* ActivityModel.swift in Sources */ = {isa = PBXBuildFile; fileRef = C234CE9A2913FA0000E5A628 /* ActivityModel.swift */; };
		C234CE9D2913FC0400E5A628 /* ActivityTypeEnum.swift in Sources */ = {isa = PBXBuildFile; fileRef = C234CE9C2913FC0400E5A628 /* ActivityTypeEnum.swift */; };
		C234CE9F2914021A00E5A628 /* MockData.swift in Sources */ = {isa = PBXBuildFile; fileRef = C234CE9E2914021A00E5A628 /* MockData.swift */; };
		C249042C28EC50C000238F91 /* PopUpView.swift in Sources */ = {isa = PBXBuildFile; fileRef = C249042B28EC50C000238F91 /* PopUpView.swift */; };
		C249042E28EC543800238F91 /* PopUpViewButtons.swift in Sources */ = {isa = PBXBuildFile; fileRef = C249042D28EC543800238F91 /* PopUpViewButtons.swift */; };
		C28970F328E4560000D5C817 /* TripsTableViewCell.swift in Sources */ = {isa = PBXBuildFile; fileRef = C28970F228E4560000D5C817 /* TripsTableViewCell.swift */; };
		C28970F628E4620700D5C817 /* UIViewExtensions.swift in Sources */ = {isa = PBXBuildFile; fileRef = C28970F528E4620700D5C817 /* UIViewExtensions.swift */; };
		C29F2B8728E33949005D3F44 /* TripsViewController.storyboard in Resources */ = {isa = PBXBuildFile; fileRef = C29F2B8628E33949005D3F44 /* TripsViewController.storyboard */; };
		C29F2B8928E33960005D3F44 /* TripsViewController.swift in Sources */ = {isa = PBXBuildFile; fileRef = C29F2B8828E33960005D3F44 /* TripsViewController.swift */; };
		C2B502EE28E5A1F300FA832F /* Theme.swift in Sources */ = {isa = PBXBuildFile; fileRef = C2B502ED28E5A1F200FA832F /* Theme.swift */; };
		C2B502F028E5A2D400FA832F /* Lobster-Regular.ttf in Resources */ = {isa = PBXBuildFile; fileRef = C2B502EF28E5A2D400FA832F /* Lobster-Regular.ttf */; };
		C2B502F328E5AAD900FA832F /* Colors.xcassets in Resources */ = {isa = PBXBuildFile; fileRef = C2B502F228E5AAD900FA832F /* Colors.xcassets */; };
		C2B502F528E5C72100FA832F /* Bitter-Regular.ttf in Resources */ = {isa = PBXBuildFile; fileRef = C2B502F428E5C72100FA832F /* Bitter-Regular.ttf */; };
		C2C68E7128E1C2DD008C70E1 /* AppDelegate.swift in Sources */ = {isa = PBXBuildFile; fileRef = C2C68E7028E1C2DD008C70E1 /* AppDelegate.swift */; };
		C2C68E7328E1C2DD008C70E1 /* SceneDelegate.swift in Sources */ = {isa = PBXBuildFile; fileRef = C2C68E7228E1C2DD008C70E1 /* SceneDelegate.swift */; };
		C2C68E7528E1C2DD008C70E1 /* ViewController.swift in Sources */ = {isa = PBXBuildFile; fileRef = C2C68E7428E1C2DD008C70E1 /* ViewController.swift */; };
		C2C68E7A28E1C2DE008C70E1 /* Assets.xcassets in Resources */ = {isa = PBXBuildFile; fileRef = C2C68E7928E1C2DE008C70E1 /* Assets.xcassets */; };
		C2C68E7D28E1C2DE008C70E1 /* LaunchScreen.storyboard in Resources */ = {isa = PBXBuildFile; fileRef = C2C68E7B28E1C2DE008C70E1 /* LaunchScreen.storyboard */; };
		C2C68E8728E1C6D3008C70E1 /* TripModel.swift in Sources */ = {isa = PBXBuildFile; fileRef = C2C68E8628E1C6D3008C70E1 /* TripModel.swift */; };
		C2C68E8928E1C6E1008C70E1 /* TripFunctions.swift in Sources */ = {isa = PBXBuildFile; fileRef = C2C68E8828E1C6E1008C70E1 /* TripFunctions.swift */; };
		C2C68E8B28E1CB09008C70E1 /* Data.swift in Sources */ = {isa = PBXBuildFile; fileRef = C2C68E8A28E1CB09008C70E1 /* Data.swift */; };
		C2CA68C028EB216D00F93737 /* UIButtonExtension.swift in Sources */ = {isa = PBXBuildFile; fileRef = C2CA68BF28EB216D00F93737 /* UIButtonExtension.swift */; };
		C2CA68C228EC3F6000F93737 /* AddTripViewController.storyboard in Resources */ = {isa = PBXBuildFile; fileRef = C2CA68C128EC3F5F00F93737 /* AddTripViewController.storyboard */; };
		C2CA68C628EC3FDF00F93737 /* AddTripViewController.swift in Sources */ = {isa = PBXBuildFile; fileRef = C2CA68C528EC3FDF00F93737 /* AddTripViewController.swift */; };
		C2CF370D2923C70C0013DDB8 /* HeaderTableViewCell.swift in Sources */ = {isa = PBXBuildFile; fileRef = C2CF370C2923C70C0013DDB8 /* HeaderTableViewCell.swift */; };
		C2CF370F2923FF3E0013DDB8 /* Oswald-Regular.ttf in Resources */ = {isa = PBXBuildFile; fileRef = C2CF370E2923FF3E0013DDB8 /* Oswald-Regular.ttf */; };
		C2CF37112923FFEB0013DDB8 /* ActivityTableViewCell.swift in Sources */ = {isa = PBXBuildFile; fileRef = C2CF37102923FFEB0013DDB8 /* ActivityTableViewCell.swift */; };
		C2CF37132924025F0013DDB8 /* Bitter-Bold.ttf in Resources */ = {isa = PBXBuildFile; fileRef = C2CF37122924025F0013DDB8 /* Bitter-Bold.ttf */; };
		C2CF3715292407BE0013DDB8 /* ApplyWhiteShadow.swift in Sources */ = {isa = PBXBuildFile; fileRef = C2CF3714292407BE0013DDB8 /* ApplyWhiteShadow.swift */; };
		C2CF37192927AF7F0013DDB8 /* UITableViewCellExtension.swift in Sources */ = {isa = PBXBuildFile; fileRef = C2CF37182927AF7E0013DDB8 /* UITableViewCellExtension.swift */; };
		C2CF371C292934440013DDB8 /* AddDayViewController.storyboard in Resources */ = {isa = PBXBuildFile; fileRef = C2CF371B292934440013DDB8 /* AddDayViewController.storyboard */; };
		C2CF371E2929347F0013DDB8 /* AddDayViewController.swift in Sources */ = {isa = PBXBuildFile; fileRef = C2CF371D2929347F0013DDB8 /* AddDayViewController.swift */; };
		C2CF3720292A26040013DDB8 /* UITextFieldExtension.swift in Sources */ = {isa = PBXBuildFile; fileRef = C2CF371F292A26040013DDB8 /* UITextFieldExtension.swift */; };
/* End PBXBuildFile section */

/* Begin PBXFileReference section */
		C20EEA13290BEB08000CC227 /* ActivitiesViewController.swift */ = {isa = PBXFileReference; lastKnownFileType = sourcecode.swift; path = ActivitiesViewController.swift; sourceTree = "<group>"; };
		C20EEA15290BEB2E000CC227 /* ActivitiesViewController.storyboard */ = {isa = PBXFileReference; lastKnownFileType = file.storyboard; path = ActivitiesViewController.storyboard; sourceTree = "<group>"; };
		C234CE982913F9DC00E5A628 /* DayModel.swift */ = {isa = PBXFileReference; lastKnownFileType = sourcecode.swift; path = DayModel.swift; sourceTree = "<group>"; };
		C234CE9A2913FA0000E5A628 /* ActivityModel.swift */ = {isa = PBXFileReference; lastKnownFileType = sourcecode.swift; path = ActivityModel.swift; sourceTree = "<group>"; };
		C234CE9C2913FC0400E5A628 /* ActivityTypeEnum.swift */ = {isa = PBXFileReference; lastKnownFileType = sourcecode.swift; path = ActivityTypeEnum.swift; sourceTree = "<group>"; };
		C234CE9E2914021A00E5A628 /* MockData.swift */ = {isa = PBXFileReference; lastKnownFileType = sourcecode.swift; path = MockData.swift; sourceTree = "<group>"; };
		C249042B28EC50C000238F91 /* PopUpView.swift */ = {isa = PBXFileReference; lastKnownFileType = sourcecode.swift; path = PopUpView.swift; sourceTree = "<group>"; };
		C249042D28EC543800238F91 /* PopUpViewButtons.swift */ = {isa = PBXFileReference; lastKnownFileType = sourcecode.swift; path = PopUpViewButtons.swift; sourceTree = "<group>"; };
		C28970F228E4560000D5C817 /* TripsTableViewCell.swift */ = {isa = PBXFileReference; lastKnownFileType = sourcecode.swift; path = TripsTableViewCell.swift; sourceTree = "<group>"; };
		C28970F528E4620700D5C817 /* UIViewExtensions.swift */ = {isa = PBXFileReference; lastKnownFileType = sourcecode.swift; path = UIViewExtensions.swift; sourceTree = "<group>"; };
		C29F2B8628E33949005D3F44 /* TripsViewController.storyboard */ = {isa = PBXFileReference; lastKnownFileType = file.storyboard; path = TripsViewController.storyboard; sourceTree = "<group>"; };
		C29F2B8828E33960005D3F44 /* TripsViewController.swift */ = {isa = PBXFileReference; lastKnownFileType = sourcecode.swift; path = TripsViewController.swift; sourceTree = "<group>"; };
		C2B502ED28E5A1F200FA832F /* Theme.swift */ = {isa = PBXFileReference; lastKnownFileType = sourcecode.swift; path = Theme.swift; sourceTree = "<group>"; };
		C2B502EF28E5A2D400FA832F /* Lobster-Regular.ttf */ = {isa = PBXFileReference; lastKnownFileType = file; path = "Lobster-Regular.ttf"; sourceTree = "<group>"; };
		C2B502F228E5AAD900FA832F /* Colors.xcassets */ = {isa = PBXFileReference; lastKnownFileType = folder.assetcatalog; path = Colors.xcassets; sourceTree = "<group>"; };
		C2B502F428E5C72100FA832F /* Bitter-Regular.ttf */ = {isa = PBXFileReference; lastKnownFileType = file; path = "Bitter-Regular.ttf"; sourceTree = "<group>"; };
		C2C68E6D28E1C2DD008C70E1 /* ItineraryApp.app */ = {isa = PBXFileReference; explicitFileType = wrapper.application; includeInIndex = 0; path = ItineraryApp.app; sourceTree = BUILT_PRODUCTS_DIR; };
		C2C68E7028E1C2DD008C70E1 /* AppDelegate.swift */ = {isa = PBXFileReference; lastKnownFileType = sourcecode.swift; path = AppDelegate.swift; sourceTree = "<group>"; };
		C2C68E7228E1C2DD008C70E1 /* SceneDelegate.swift */ = {isa = PBXFileReference; lastKnownFileType = sourcecode.swift; path = SceneDelegate.swift; sourceTree = "<group>"; };
		C2C68E7428E1C2DD008C70E1 /* ViewController.swift */ = {isa = PBXFileReference; lastKnownFileType = sourcecode.swift; path = ViewController.swift; sourceTree = "<group>"; };
		C2C68E7928E1C2DE008C70E1 /* Assets.xcassets */ = {isa = PBXFileReference; lastKnownFileType = folder.assetcatalog; path = Assets.xcassets; sourceTree = "<group>"; };
		C2C68E7C28E1C2DE008C70E1 /* Base */ = {isa = PBXFileReference; lastKnownFileType = file.storyboard; name = Base; path = Base.lproj/LaunchScreen.storyboard; sourceTree = "<group>"; };
		C2C68E7E28E1C2DE008C70E1 /* Info.plist */ = {isa = PBXFileReference; lastKnownFileType = text.plist.xml; path = Info.plist; sourceTree = "<group>"; };
		C2C68E8628E1C6D3008C70E1 /* TripModel.swift */ = {isa = PBXFileReference; lastKnownFileType = sourcecode.swift; path = TripModel.swift; sourceTree = "<group>"; };
		C2C68E8828E1C6E1008C70E1 /* TripFunctions.swift */ = {isa = PBXFileReference; lastKnownFileType = sourcecode.swift; path = TripFunctions.swift; sourceTree = "<group>"; };
		C2C68E8A28E1CB09008C70E1 /* Data.swift */ = {isa = PBXFileReference; lastKnownFileType = sourcecode.swift; path = Data.swift; sourceTree = "<group>"; };
		C2CA68BF28EB216D00F93737 /* UIButtonExtension.swift */ = {isa = PBXFileReference; lastKnownFileType = sourcecode.swift; path = UIButtonExtension.swift; sourceTree = "<group>"; };
		C2CA68C128EC3F5F00F93737 /* AddTripViewController.storyboard */ = {isa = PBXFileReference; fileEncoding = 4; lastKnownFileType = file.storyboard; path = AddTripViewController.storyboard; sourceTree = "<group>"; };
		C2CA68C528EC3FDF00F93737 /* AddTripViewController.swift */ = {isa = PBXFileReference; lastKnownFileType = sourcecode.swift; path = AddTripViewController.swift; sourceTree = "<group>"; };
		C2CF370C2923C70C0013DDB8 /* HeaderTableViewCell.swift */ = {isa = PBXFileReference; lastKnownFileType = sourcecode.swift; path = HeaderTableViewCell.swift; sourceTree = "<group>"; };
		C2CF370E2923FF3E0013DDB8 /* Oswald-Regular.ttf */ = {isa = PBXFileReference; lastKnownFileType = file; path = "Oswald-Regular.ttf"; sourceTree = "<group>"; };
		C2CF37102923FFEB0013DDB8 /* ActivityTableViewCell.swift */ = {isa = PBXFileReference; lastKnownFileType = sourcecode.swift; path = ActivityTableViewCell.swift; sourceTree = "<group>"; };
		C2CF37122924025F0013DDB8 /* Bitter-Bold.ttf */ = {isa = PBXFileReference; lastKnownFileType = file; path = "Bitter-Bold.ttf"; sourceTree = "<group>"; };
		C2CF3714292407BE0013DDB8 /* ApplyWhiteShadow.swift */ = {isa = PBXFileReference; lastKnownFileType = sourcecode.swift; path = ApplyWhiteShadow.swift; sourceTree = "<group>"; };
		C2CF37182927AF7E0013DDB8 /* UITableViewCellExtension.swift */ = {isa = PBXFileReference; lastKnownFileType = sourcecode.swift; path = UITableViewCellExtension.swift; sourceTree = "<group>"; };
		C2CF371B292934440013DDB8 /* AddDayViewController.storyboard */ = {isa = PBXFileReference; lastKnownFileType = file.storyboard; path = AddDayViewController.storyboard; sourceTree = "<group>"; };
		C2CF371D2929347F0013DDB8 /* AddDayViewController.swift */ = {isa = PBXFileReference; lastKnownFileType = sourcecode.swift; path = AddDayViewController.swift; sourceTree = "<group>"; };
		C2CF371F292A26040013DDB8 /* UITextFieldExtension.swift */ = {isa = PBXFileReference; lastKnownFileType = sourcecode.swift; path = UITextFieldExtension.swift; sourceTree = "<group>"; };
/* End PBXFileReference section */

/* Begin PBXFrameworksBuildPhase section */
		C2C68E6A28E1C2DD008C70E1 /* Frameworks */ = {
			isa = PBXFrameworksBuildPhase;
			buildActionMask = 2147483647;
			files = (
			);
			runOnlyForDeploymentPostprocessing = 0;
		};
/* End PBXFrameworksBuildPhase section */

/* Begin PBXGroup section */
		C20EEA12290BEA8A000CC227 /* ActivitiesViewController */ = {
			isa = PBXGroup;
			children = (
				C20EEA15290BEB2E000CC227 /* ActivitiesViewController.storyboard */,
				C20EEA13290BEB08000CC227 /* ActivitiesViewController.swift */,
				C2CF370C2923C70C0013DDB8 /* HeaderTableViewCell.swift */,
				C2CF37102923FFEB0013DDB8 /* ActivityTableViewCell.swift */,
			);
			path = ActivitiesViewController;
			sourceTree = "<group>";
		};
		C234CE962913F97C00E5A628 /* Day */ = {
			isa = PBXGroup;
			children = (
				C234CE982913F9DC00E5A628 /* DayModel.swift */,
			);
			path = Day;
			sourceTree = "<group>";
		};
		C234CE972913F99A00E5A628 /* Activity */ = {
			isa = PBXGroup;
			children = (
				C234CE9A2913FA0000E5A628 /* ActivityModel.swift */,
				C234CE9C2913FC0400E5A628 /* ActivityTypeEnum.swift */,
			);
			path = Activity;
			sourceTree = "<group>";
		};
		C249042A28EC508600238F91 /* CustomControls */ = {
			isa = PBXGroup;
			children = (
				C249042B28EC50C000238F91 /* PopUpView.swift */,
				C249042D28EC543800238F91 /* PopUpViewButtons.swift */,
			);
			path = CustomControls;
			sourceTree = "<group>";
		};
		C28970F428E461E200D5C817 /* Extensions */ = {
			isa = PBXGroup;
			children = (
				C28970F528E4620700D5C817 /* UIViewExtensions.swift */,
				C2CF371F292A26040013DDB8 /* UITextFieldExtension.swift */,
				C2CA68BF28EB216D00F93737 /* UIButtonExtension.swift */,
				C2CF3714292407BE0013DDB8 /* ApplyWhiteShadow.swift */,
				C2CF37182927AF7E0013DDB8 /* UITableViewCellExtension.swift */,
			);
			path = Extensions;
			sourceTree = "<group>";
		};
		C29F2B8528E326A8005D3F44 /* View controllers */ = {
			isa = PBXGroup;
			children = (
				C2CA68C428EC3F9400F93737 /* AddTripViewController */,
				C2CF371A2929340E0013DDB8 /* AddDayViewController */,
				C2CA68C328EC3F7A00F93737 /* TripsViewController */,
				C20EEA12290BEA8A000CC227 /* ActivitiesViewController */,
			);
			path = "View controllers";
			sourceTree = "<group>";
		};
		C2B502EC28E5A1D600FA832F /* Resources */ = {
			isa = PBXGroup;
			children = (
				C2B502EF28E5A2D400FA832F /* Lobster-Regular.ttf */,
				C2CF370E2923FF3E0013DDB8 /* Oswald-Regular.ttf */,
				C2B502F428E5C72100FA832F /* Bitter-Regular.ttf */,
				C2CF37122924025F0013DDB8 /* Bitter-Bold.ttf */,
				C2B502ED28E5A1F200FA832F /* Theme.swift */,
				C2B502F228E5AAD900FA832F /* Colors.xcassets */,
				C2C68E7928E1C2DE008C70E1 /* Assets.xcassets */,
				C249042A28EC508600238F91 /* CustomControls */,
				C28970F428E461E200D5C817 /* Extensions */,
			);
			path = Resources;
			sourceTree = "<group>";
		};
		C2C68E6428E1C2DD008C70E1 = {
			isa = PBXGroup;
			children = (
				C2C68E6F28E1C2DD008C70E1 /* ItineraryApp */,
				C2C68E6E28E1C2DD008C70E1 /* Products */,
			);
			sourceTree = "<group>";
		};
		C2C68E6E28E1C2DD008C70E1 /* Products */ = {
			isa = PBXGroup;
			children = (
				C2C68E6D28E1C2DD008C70E1 /* ItineraryApp.app */,
			);
			name = Products;
			sourceTree = "<group>";
		};
		C2C68E6F28E1C2DD008C70E1 /* ItineraryApp */ = {
			isa = PBXGroup;
			children = (
				C2B502EC28E5A1D600FA832F /* Resources */,
				C2C68E8428E1C69E008C70E1 /* Model */,
				C29F2B8528E326A8005D3F44 /* View controllers */,
				C2C68E7028E1C2DD008C70E1 /* AppDelegate.swift */,
				C2C68E7228E1C2DD008C70E1 /* SceneDelegate.swift */,
				C2C68E7428E1C2DD008C70E1 /* ViewController.swift */,
				C2C68E7B28E1C2DE008C70E1 /* LaunchScreen.storyboard */,
				C2C68E7E28E1C2DE008C70E1 /* Info.plist */,
			);
			path = ItineraryApp;
			sourceTree = "<group>";
		};
		C2C68E8428E1C69E008C70E1 /* Model */ = {
			isa = PBXGroup;
			children = (
				C2C68E8A28E1CB09008C70E1 /* Data.swift */,
				C234CE9E2914021A00E5A628 /* MockData.swift */,
				C2C68E8528E1C6A6008C70E1 /* Trip */,
				C234CE962913F97C00E5A628 /* Day */,
				C234CE972913F99A00E5A628 /* Activity */,
			);
			path = Model;
			sourceTree = "<group>";
		};
		C2C68E8528E1C6A6008C70E1 /* Trip */ = {
			isa = PBXGroup;
			children = (
				C2C68E8628E1C6D3008C70E1 /* TripModel.swift */,
				C2C68E8828E1C6E1008C70E1 /* TripFunctions.swift */,
			);
			path = Trip;
			sourceTree = "<group>";
		};
		C2CA68C328EC3F7A00F93737 /* TripsViewController */ = {
			isa = PBXGroup;
			children = (
				C29F2B8628E33949005D3F44 /* TripsViewController.storyboard */,
				C29F2B8828E33960005D3F44 /* TripsViewController.swift */,
				C28970F228E4560000D5C817 /* TripsTableViewCell.swift */,
			);
			path = TripsViewController;
			sourceTree = "<group>";
		};
		C2CA68C428EC3F9400F93737 /* AddTripViewController */ = {
			isa = PBXGroup;
			children = (
				C2CA68C128EC3F5F00F93737 /* AddTripViewController.storyboard */,
				C2CA68C528EC3FDF00F93737 /* AddTripViewController.swift */,
			);
			path = AddTripViewController;
			sourceTree = "<group>";
		};
		C2CF371A2929340E0013DDB8 /* AddDayViewController */ = {
			isa = PBXGroup;
			children = (
				C2CF371B292934440013DDB8 /* AddDayViewController.storyboard */,
				C2CF371D2929347F0013DDB8 /* AddDayViewController.swift */,
			);
			path = AddDayViewController;
			sourceTree = "<group>";
		};
/* End PBXGroup section */

/* Begin PBXNativeTarget section */
		C2C68E6C28E1C2DD008C70E1 /* ItineraryApp */ = {
			isa = PBXNativeTarget;
			buildConfigurationList = C2C68E8128E1C2DE008C70E1 /* Build configuration list for PBXNativeTarget "ItineraryApp" */;
			buildPhases = (
				C2C68E6928E1C2DD008C70E1 /* Sources */,
				C2C68E6A28E1C2DD008C70E1 /* Frameworks */,
				C2C68E6B28E1C2DD008C70E1 /* Resources */,
			);
			buildRules = (
			);
			dependencies = (
			);
			name = ItineraryApp;
			productName = ItineraryApp;
			productReference = C2C68E6D28E1C2DD008C70E1 /* ItineraryApp.app */;
			productType = "com.apple.product-type.application";
		};
/* End PBXNativeTarget section */

/* Begin PBXProject section */
		C2C68E6528E1C2DD008C70E1 /* Project object */ = {
			isa = PBXProject;
			attributes = {
				BuildIndependentTargetsInParallel = 1;
				LastSwiftUpdateCheck = 1400;
				LastUpgradeCheck = 1400;
				TargetAttributes = {
					C2C68E6C28E1C2DD008C70E1 = {
						CreatedOnToolsVersion = 14.0;
					};
				};
			};
			buildConfigurationList = C2C68E6828E1C2DD008C70E1 /* Build configuration list for PBXProject "ItineraryApp" */;
			compatibilityVersion = "Xcode 13.0";
			developmentRegion = en;
			hasScannedForEncodings = 0;
			knownRegions = (
				en,
				Base,
			);
			mainGroup = C2C68E6428E1C2DD008C70E1;
			productRefGroup = C2C68E6E28E1C2DD008C70E1 /* Products */;
			projectDirPath = "";
			projectRoot = "";
			targets = (
				C2C68E6C28E1C2DD008C70E1 /* ItineraryApp */,
			);
		};
/* End PBXProject section */

/* Begin PBXResourcesBuildPhase section */
		C2C68E6B28E1C2DD008C70E1 /* Resources */ = {
			isa = PBXResourcesBuildPhase;
			buildActionMask = 2147483647;
			files = (
				C2B502F328E5AAD900FA832F /* Colors.xcassets in Resources */,
				C2CF37132924025F0013DDB8 /* Bitter-Bold.ttf in Resources */,
				C2CF370F2923FF3E0013DDB8 /* Oswald-Regular.ttf in Resources */,
				C2CF371C292934440013DDB8 /* AddDayViewController.storyboard in Resources */,
				C2C68E7D28E1C2DE008C70E1 /* LaunchScreen.storyboard in Resources */,
				C2CA68C228EC3F6000F93737 /* AddTripViewController.storyboard in Resources */,
				C2B502F028E5A2D400FA832F /* Lobster-Regular.ttf in Resources */,
				C2B502F528E5C72100FA832F /* Bitter-Regular.ttf in Resources */,
				C29F2B8728E33949005D3F44 /* TripsViewController.storyboard in Resources */,
				C20EEA16290BEB2E000CC227 /* ActivitiesViewController.storyboard in Resources */,
				C2C68E7A28E1C2DE008C70E1 /* Assets.xcassets in Resources */,
			);
			runOnlyForDeploymentPostprocessing = 0;
		};
/* End PBXResourcesBuildPhase section */

/* Begin PBXSourcesBuildPhase section */
		C2C68E6928E1C2DD008C70E1 /* Sources */ = {
			isa = PBXSourcesBuildPhase;
			buildActionMask = 2147483647;
			files = (
				C28970F328E4560000D5C817 /* TripsTableViewCell.swift in Sources */,
				C249042C28EC50C000238F91 /* PopUpView.swift in Sources */,
				C2CA68C028EB216D00F93737 /* UIButtonExtension.swift in Sources */,
				C249042E28EC543800238F91 /* PopUpViewButtons.swift in Sources */,
				C29F2B8928E33960005D3F44 /* TripsViewController.swift in Sources */,
				C2C68E7528E1C2DD008C70E1 /* ViewController.swift in Sources */,
				C2CF37192927AF7F0013DDB8 /* UITableViewCellExtension.swift in Sources */,
				C2C68E8B28E1CB09008C70E1 /* Data.swift in Sources */,
				C234CE9D2913FC0400E5A628 /* ActivityTypeEnum.swift in Sources */,
				C234CE9F2914021A00E5A628 /* MockData.swift in Sources */,
				C2CF3720292A26040013DDB8 /* UITextFieldExtension.swift in Sources */,
				C20EEA14290BEB08000CC227 /* ActivitiesViewController.swift in Sources */,
				C2CF371E2929347F0013DDB8 /* AddDayViewController.swift in Sources */,
				C234CE992913F9DC00E5A628 /* DayModel.swift in Sources */,
				C2CF37112923FFEB0013DDB8 /* ActivityTableViewCell.swift in Sources */,
				C2CA68C628EC3FDF00F93737 /* AddTripViewController.swift in Sources */,
				C234CE9B2913FA0000E5A628 /* ActivityModel.swift in Sources */,
				C2CF3715292407BE0013DDB8 /* ApplyWhiteShadow.swift in Sources */,
				C2C68E8928E1C6E1008C70E1 /* TripFunctions.swift in Sources */,
				C2C68E7128E1C2DD008C70E1 /* AppDelegate.swift in Sources */,
				C2C68E8728E1C6D3008C70E1 /* TripModel.swift in Sources */,
				C2CF370D2923C70C0013DDB8 /* HeaderTableViewCell.swift in Sources */,
				C2B502EE28E5A1F300FA832F /* Theme.swift in Sources */,
				C28970F628E4620700D5C817 /* UIViewExtensions.swift in Sources */,
				C2C68E7328E1C2DD008C70E1 /* SceneDelegate.swift in Sources */,
			);
			runOnlyForDeploymentPostprocessing = 0;
		};
/* End PBXSourcesBuildPhase section */

/* Begin PBXVariantGroup section */
		C2C68E7B28E1C2DE008C70E1 /* LaunchScreen.storyboard */ = {
			isa = PBXVariantGroup;
			children = (
				C2C68E7C28E1C2DE008C70E1 /* Base */,
			);
			name = LaunchScreen.storyboard;
			sourceTree = "<group>";
		};
/* End PBXVariantGroup section */

/* Begin XCBuildConfiguration section */
		C2C68E7F28E1C2DE008C70E1 /* Debug */ = {
			isa = XCBuildConfiguration;
			buildSettings = {
				ALWAYS_SEARCH_USER_PATHS = NO;
				CLANG_ANALYZER_NONNULL = YES;
				CLANG_ANALYZER_NUMBER_OBJECT_CONVERSION = YES_AGGRESSIVE;
				CLANG_CXX_LANGUAGE_STANDARD = "gnu++20";
				CLANG_ENABLE_MODULES = YES;
				CLANG_ENABLE_OBJC_ARC = YES;
				CLANG_ENABLE_OBJC_WEAK = YES;
				CLANG_WARN_BLOCK_CAPTURE_AUTORELEASING = YES;
				CLANG_WARN_BOOL_CONVERSION = YES;
				CLANG_WARN_COMMA = YES;
				CLANG_WARN_CONSTANT_CONVERSION = YES;
				CLANG_WARN_DEPRECATED_OBJC_IMPLEMENTATIONS = YES;
				CLANG_WARN_DIRECT_OBJC_ISA_USAGE = YES_ERROR;
				CLANG_WARN_DOCUMENTATION_COMMENTS = YES;
				CLANG_WARN_EMPTY_BODY = YES;
				CLANG_WARN_ENUM_CONVERSION = YES;
				CLANG_WARN_INFINITE_RECURSION = YES;
				CLANG_WARN_INT_CONVERSION = YES;
				CLANG_WARN_NON_LITERAL_NULL_CONVERSION = YES;
				CLANG_WARN_OBJC_IMPLICIT_RETAIN_SELF = YES;
				CLANG_WARN_OBJC_LITERAL_CONVERSION = YES;
				CLANG_WARN_OBJC_ROOT_CLASS = YES_ERROR;
				CLANG_WARN_QUOTED_INCLUDE_IN_FRAMEWORK_HEADER = YES;
				CLANG_WARN_RANGE_LOOP_ANALYSIS = YES;
				CLANG_WARN_STRICT_PROTOTYPES = YES;
				CLANG_WARN_SUSPICIOUS_MOVE = YES;
				CLANG_WARN_UNGUARDED_AVAILABILITY = YES_AGGRESSIVE;
				CLANG_WARN_UNREACHABLE_CODE = YES;
				CLANG_WARN__DUPLICATE_METHOD_MATCH = YES;
				COPY_PHASE_STRIP = NO;
				DEBUG_INFORMATION_FORMAT = dwarf;
				ENABLE_STRICT_OBJC_MSGSEND = YES;
				ENABLE_TESTABILITY = YES;
				GCC_C_LANGUAGE_STANDARD = gnu11;
				GCC_DYNAMIC_NO_PIC = NO;
				GCC_NO_COMMON_BLOCKS = YES;
				GCC_OPTIMIZATION_LEVEL = 0;
				GCC_PREPROCESSOR_DEFINITIONS = (
					"DEBUG=1",
					"$(inherited)",
				);
				GCC_WARN_64_TO_32_BIT_CONVERSION = YES;
				GCC_WARN_ABOUT_RETURN_TYPE = YES_ERROR;
				GCC_WARN_UNDECLARED_SELECTOR = YES;
				GCC_WARN_UNINITIALIZED_AUTOS = YES_AGGRESSIVE;
				GCC_WARN_UNUSED_FUNCTION = YES;
				GCC_WARN_UNUSED_VARIABLE = YES;
				IPHONEOS_DEPLOYMENT_TARGET = 16.0;
				MTL_ENABLE_DEBUG_INFO = INCLUDE_SOURCE;
				MTL_FAST_MATH = YES;
				ONLY_ACTIVE_ARCH = YES;
				SDKROOT = iphoneos;
				SWIFT_ACTIVE_COMPILATION_CONDITIONS = DEBUG;
				SWIFT_OPTIMIZATION_LEVEL = "-Onone";
			};
			name = Debug;
		};
		C2C68E8028E1C2DE008C70E1 /* Release */ = {
			isa = XCBuildConfiguration;
			buildSettings = {
				ALWAYS_SEARCH_USER_PATHS = NO;
				CLANG_ANALYZER_NONNULL = YES;
				CLANG_ANALYZER_NUMBER_OBJECT_CONVERSION = YES_AGGRESSIVE;
				CLANG_CXX_LANGUAGE_STANDARD = "gnu++20";
				CLANG_ENABLE_MODULES = YES;
				CLANG_ENABLE_OBJC_ARC = YES;
				CLANG_ENABLE_OBJC_WEAK = YES;
				CLANG_WARN_BLOCK_CAPTURE_AUTORELEASING = YES;
				CLANG_WARN_BOOL_CONVERSION = YES;
				CLANG_WARN_COMMA = YES;
				CLANG_WARN_CONSTANT_CONVERSION = YES;
				CLANG_WARN_DEPRECATED_OBJC_IMPLEMENTATIONS = YES;
				CLANG_WARN_DIRECT_OBJC_ISA_USAGE = YES_ERROR;
				CLANG_WARN_DOCUMENTATION_COMMENTS = YES;
				CLANG_WARN_EMPTY_BODY = YES;
				CLANG_WARN_ENUM_CONVERSION = YES;
				CLANG_WARN_INFINITE_RECURSION = YES;
				CLANG_WARN_INT_CONVERSION = YES;
				CLANG_WARN_NON_LITERAL_NULL_CONVERSION = YES;
				CLANG_WARN_OBJC_IMPLICIT_RETAIN_SELF = YES;
				CLANG_WARN_OBJC_LITERAL_CONVERSION = YES;
				CLANG_WARN_OBJC_ROOT_CLASS = YES_ERROR;
				CLANG_WARN_QUOTED_INCLUDE_IN_FRAMEWORK_HEADER = YES;
				CLANG_WARN_RANGE_LOOP_ANALYSIS = YES;
				CLANG_WARN_STRICT_PROTOTYPES = YES;
				CLANG_WARN_SUSPICIOUS_MOVE = YES;
				CLANG_WARN_UNGUARDED_AVAILABILITY = YES_AGGRESSIVE;
				CLANG_WARN_UNREACHABLE_CODE = YES;
				CLANG_WARN__DUPLICATE_METHOD_MATCH = YES;
				COPY_PHASE_STRIP = NO;
				DEBUG_INFORMATION_FORMAT = "dwarf-with-dsym";
				ENABLE_NS_ASSERTIONS = NO;
				ENABLE_STRICT_OBJC_MSGSEND = YES;
				GCC_C_LANGUAGE_STANDARD = gnu11;
				GCC_NO_COMMON_BLOCKS = YES;
				GCC_WARN_64_TO_32_BIT_CONVERSION = YES;
				GCC_WARN_ABOUT_RETURN_TYPE = YES_ERROR;
				GCC_WARN_UNDECLARED_SELECTOR = YES;
				GCC_WARN_UNINITIALIZED_AUTOS = YES_AGGRESSIVE;
				GCC_WARN_UNUSED_FUNCTION = YES;
				GCC_WARN_UNUSED_VARIABLE = YES;
				IPHONEOS_DEPLOYMENT_TARGET = 16.0;
				MTL_ENABLE_DEBUG_INFO = NO;
				MTL_FAST_MATH = YES;
				SDKROOT = iphoneos;
				SWIFT_COMPILATION_MODE = wholemodule;
				SWIFT_OPTIMIZATION_LEVEL = "-O";
				VALIDATE_PRODUCT = YES;
			};
			name = Release;
		};
		C2C68E8228E1C2DE008C70E1 /* Debug */ = {
			isa = XCBuildConfiguration;
			buildSettings = {
				ASSETCATALOG_COMPILER_APPICON_NAME = AppIcon;
				ASSETCATALOG_COMPILER_GLOBAL_ACCENT_COLOR_NAME = AccentColor;
				ASSETCATALOG_COMPILER_INCLUDE_ALL_APPICON_ASSETS = NO;
				CODE_SIGN_STYLE = Automatic;
				CURRENT_PROJECT_VERSION = 1;
				DEVELOPMENT_TEAM = C3M56A453W;
				GENERATE_INFOPLIST_FILE = YES;
				INFOPLIST_FILE = ItineraryApp/Info.plist;
				INFOPLIST_KEY_CFBundleDisplayName = MaxActive;
				INFOPLIST_KEY_LSApplicationCategoryType = "public.app-category.travel";
				INFOPLIST_KEY_UIApplicationSupportsIndirectInputEvents = YES;
				INFOPLIST_KEY_UILaunchStoryboardName = TripsViewController.storyboard;
				INFOPLIST_KEY_UIMainStoryboardFile = TripsViewController;
				INFOPLIST_KEY_UIStatusBarStyle = "";
				INFOPLIST_KEY_UISupportedInterfaceOrientations = UIInterfaceOrientationPortrait;
				INFOPLIST_KEY_UISupportedInterfaceOrientations_iPad = "UIInterfaceOrientationLandscapeLeft UIInterfaceOrientationLandscapeRight UIInterfaceOrientationPortrait UIInterfaceOrientationPortraitUpsideDown";
				IPHONEOS_DEPLOYMENT_TARGET = 15.0;
				LD_RUNPATH_SEARCH_PATHS = (
					"$(inherited)",
					"@executable_path/Frameworks",
				);
				MARKETING_VERSION = 1.0;
				PRODUCT_BUNDLE_IDENTIFIER = online.swampios.ItineraryApp;
				PRODUCT_NAME = "$(TARGET_NAME)";
				SUPPORTED_PLATFORMS = "iphoneos iphonesimulator";
				SUPPORTS_MACCATALYST = NO;
				SUPPORTS_MAC_DESIGNED_FOR_IPHONE_IPAD = NO;
				SWIFT_EMIT_LOC_STRINGS = YES;
				SWIFT_VERSION = 5.0;
				TARGETED_DEVICE_FAMILY = 1;
			};
			name = Debug;
		};
		C2C68E8328E1C2DE008C70E1 /* Release */ = {
			isa = XCBuildConfiguration;
			buildSettings = {
				ASSETCATALOG_COMPILER_APPICON_NAME = AppIcon;
				ASSETCATALOG_COMPILER_GLOBAL_ACCENT_COLOR_NAME = AccentColor;
				ASSETCATALOG_COMPILER_INCLUDE_ALL_APPICON_ASSETS = NO;
				CODE_SIGN_STYLE = Automatic;
				CURRENT_PROJECT_VERSION = 1;
				DEVELOPMENT_TEAM = C3M56A453W;
				GENERATE_INFOPLIST_FILE = YES;
				INFOPLIST_FILE = ItineraryApp/Info.plist;
				INFOPLIST_KEY_CFBundleDisplayName = MaxActive;
				INFOPLIST_KEY_LSApplicationCategoryType = "public.app-category.travel";
				INFOPLIST_KEY_UIApplicationSupportsIndirectInputEvents = YES;
				INFOPLIST_KEY_UILaunchStoryboardName = TripsViewController.storyboard;
				INFOPLIST_KEY_UIMainStoryboardFile = TripsViewController;
				INFOPLIST_KEY_UIStatusBarStyle = "";
				INFOPLIST_KEY_UISupportedInterfaceOrientations = UIInterfaceOrientationPortrait;
				INFOPLIST_KEY_UISupportedInterfaceOrientations_iPad = "UIInterfaceOrientationLandscapeLeft UIInterfaceOrientationLandscapeRight UIInterfaceOrientationPortrait UIInterfaceOrientationPortraitUpsideDown";
				IPHONEOS_DEPLOYMENT_TARGET = 15.0;
				LD_RUNPATH_SEARCH_PATHS = (
					"$(inherited)",
					"@executable_path/Frameworks",
				);
				MARKETING_VERSION = 1.0;
				PRODUCT_BUNDLE_IDENTIFIER = online.swampios.ItineraryApp;
				PRODUCT_NAME = "$(TARGET_NAME)";
				SUPPORTED_PLATFORMS = "iphoneos iphonesimulator";
				SUPPORTS_MACCATALYST = NO;
				SUPPORTS_MAC_DESIGNED_FOR_IPHONE_IPAD = NO;
				SWIFT_EMIT_LOC_STRINGS = YES;
				SWIFT_VERSION = 5.0;
				TARGETED_DEVICE_FAMILY = 1;
			};
			name = Release;
		};
/* End XCBuildConfiguration section */

/* Begin XCConfigurationList section */
		C2C68E6828E1C2DD008C70E1 /* Build configuration list for PBXProject "ItineraryApp" */ = {
			isa = XCConfigurationList;
			buildConfigurations = (
				C2C68E7F28E1C2DE008C70E1 /* Debug */,
				C2C68E8028E1C2DE008C70E1 /* Release */,
			);
			defaultConfigurationIsVisible = 0;
			defaultConfigurationName = Release;
		};
		C2C68E8128E1C2DE008C70E1 /* Build configuration list for PBXNativeTarget "ItineraryApp" */ = {
			isa = XCConfigurationList;
			buildConfigurations = (
				C2C68E8228E1C2DE008C70E1 /* Debug */,
				C2C68E8328E1C2DE008C70E1 /* Release */,
			);
			defaultConfigurationIsVisible = 0;
			defaultConfigurationName = Release;
		};
/* End XCConfigurationList section */
	};
	rootObject = C2C68E6528E1C2DD008C70E1 /* Project object */;
}
